
Microsoft Visual Studio Solution File, Format Version 12.00
# Visual Studio Version 17
VisualStudioVersion = 17.2.32519.379
MinimumVisualStudioVersion = 10.0.40219.1
Project("{FAE04EC0-301F-11D3-BF4B-00C04F79EFBC}") = "CoffeeShopManagement", "CoffeeShopManagement\CoffeeShopManagement.csproj", "{8E5B45D5-D6DA-4AC6-98C3-80927F497983}"
EndProject
Global
	GlobalSection(SolutionConfigurationPlatforms) = preSolution
		Debug|Any CPU = Debug|Any CPU
		Release|Any CPU = Release|Any CPU
	EndGlobalSection
	GlobalSection(ProjectConfigurationPlatforms) = postSolution
		{8E5B45D5-D6DA-4AC6-98C3-80927F497983}.Debug|Any CPU.ActiveCfg = Debug|Any CPU
		{8E5B45D5-D6DA-4AC6-98C3-80927F497983}.Debug|Any CPU.Build.0 = Debug|Any CPU
		{8E5B45D5-D6DA-4AC6-98C3-80927F497983}.Release|Any CPU.ActiveCfg = Release|Any CPU
		{8E5B45D5-D6DA-4AC6-98C3-80927F497983}.Release|Any CPU.Build.0 = Release|Any CPU
	EndGlobalSection
	GlobalSection(SolutionProperties) = preSolution
		HideSolutionNode = FALSE
	EndGlobalSection
	GlobalSection(ExtensibilityGlobals) = postSolution
		SolutionGuid = {0401BE15-54F6-45AF-B717-E194AF04C964}
	EndGlobalSection
EndGlobal
